
Microsoft Visual Studio Solution File, Format Version 12.00
# Visual Studio Version 17
VisualStudioVersion = 17.9.34728.123
MinimumVisualStudioVersion = 10.0.40219.1
Project("{FAE04EC0-301F-11D3-BF4B-00C04F79EFBC}") = "SCADS", "SCADS.csproj", "{95020C7C-9834-4A7C-ACF5-B7B171E87597}"
EndProject
Global
	GlobalSection(SolutionConfigurationPlatforms) = preSolution
		Debug|Any CPU = Debug|Any CPU
		Release|Any CPU = Release|Any CPU
	EndGlobalSection
	GlobalSection(ProjectConfigurationPlatforms) = postSolution
		{95020C7C-9834-4A7C-ACF5-B7B171E87597}.Debug|Any CPU.ActiveCfg = Debug|Any CPU
		{95020C7C-9834-4A7C-ACF5-B7B171E87597}.Debug|Any CPU.Build.0 = Debug|Any CPU
		{95020C7C-9834-4A7C-ACF5-B7B171E87597}.Release|Any CPU.ActiveCfg = Release|Any CPU
		{95020C7C-9834-4A7C-ACF5-B7B171E87597}.Release|Any CPU.Build.0 = Release|Any CPU
	EndGlobalSection
	GlobalSection(SolutionProperties) = preSolution
		HideSolutionNode = FALSE
	EndGlobalSection
	GlobalSection(ExtensibilityGlobals) = postSolution
		SolutionGuid = {FE4C0C50-AFDE-4514-9948-6A124B0F332E}
	EndGlobalSection
EndGlobal
